<Solution>
  <Folder Name="/Browser/">
    <Project Path="Browser/ShiroBot.CardStudio.Browser.csproj" />
  </Folder>
  <Folder Name="/Desktop/">
    <Project Path="Desktop/ShiroBot.CardStudio.Desktop.csproj" />
  </Folder>
  <Folder Name="/Studio/">
    <Project Path="Studio/ShiroBot.CardStudio.csproj" />
  </Folder>
</Solution>
